
Microsoft Visual Studio Solution File, Format Version 12.00
# Visual Studio Version 16
VisualStudioVersion = 16.0.30413.136
MinimumVisualStudioVersion = 10.0.40219.1
Project("{2150E333-8FDC-42A3-9474-1A3956D46DE8}") = "Solution Items", "Solution Items", "{AFAE54D6-A794-42BF-96B7-4BFEBF33B62F}"
	ProjectSection(SolutionItems) = preProject
		.editorconfig = .editorconfig
		Sample\Directory.Build.props = Sample\Directory.Build.props
	EndProjectSection
EndProject
Project("{9A19103F-16F7-4668-BE54-9A1E7A4F7556}") = "SourceExpander.Core", "Source\SourceExpander.Core\SourceExpander.Core.csproj", "{B0FE8EDC-D4AF-4325-9C76-A1B378BBA761}"
EndProject
Project("{9A19103F-16F7-4668-BE54-9A1E7A4F7556}") = "SourceExpander", "Source\SourceExpander\SourceExpander.csproj", "{E6A37C11-E09F-4ADB-BEE5-34B0F944C2E0}"
EndProject
Project("{9A19103F-16F7-4668-BE54-9A1E7A4F7556}") = "Sample.DirectUse", "Sample\DirectUse\Sample.DirectUse.csproj", "{5B0072BD-C380-40C1-AB17-50E82A098EEE}"
EndProject
Project("{9A19103F-16F7-4668-BE54-9A1E7A4F7556}") = "_SampleLibrary", "Sample\_SampleLibrary\_SampleLibrary.csproj", "{D99689F1-550D-4682-94AB-B7F904BB3A85}"
EndProject
Project("{9A19103F-16F7-4668-BE54-9A1E7A4F7556}") = "Sample.MultipleMain", "Sample\MultipleMain\Sample.MultipleMain.csproj", "{BF5F40DF-32D9-46D3-8990-2DC2E08B1E2B}"
EndProject
Project("{9A19103F-16F7-4668-BE54-9A1E7A4F7556}") = "Sample.Partial", "Sample\Partial\Sample.Partial.csproj", "{F82D41A1-C6C5-4CF3-A496-F7465B8E7A56}"
EndProject
Project("{9A19103F-16F7-4668-BE54-9A1E7A4F7556}") = "Sample.AnotherApp", "Sample\AnotherApp\Sample.AnotherApp.csproj", "{8A09AB12-BED2-43FC-ADA3-B0FA9031D458}"
EndProject
Project("{9A19103F-16F7-4668-BE54-9A1E7A4F7556}") = "SourceExpander.Embedder", "Source\SourceExpander.Embedder\SourceExpander.Embedder.csproj", "{29D1E53B-7A6A-4C2C-88F6-48D7E2E9860D}"
EndProject
Project("{9A19103F-16F7-4668-BE54-9A1E7A4F7556}") = "Sample.Generator", "Sample\Generator\Sample.Generator.csproj", "{F9F679D4-A4C6-4D84-833D-181839C53927}"
EndProject
Project("{9A19103F-16F7-4668-BE54-9A1E7A4F7556}") = "SourceExpander.Generator", "Source\SourceExpander.Generator\SourceExpander.Generator.csproj", "{3E9D413F-AB1B-4622-8AE1-FAE0605754E5}"
EndProject
Global
	GlobalSection(SolutionConfigurationPlatforms) = preSolution
		Debug|Any CPU = Debug|Any CPU
		Release|Any CPU = Release|Any CPU
	EndGlobalSection
	GlobalSection(ProjectConfigurationPlatforms) = postSolution
		{B0FE8EDC-D4AF-4325-9C76-A1B378BBA761}.Debug|Any CPU.ActiveCfg = Debug|Any CPU
		{B0FE8EDC-D4AF-4325-9C76-A1B378BBA761}.Debug|Any CPU.Build.0 = Debug|Any CPU
		{B0FE8EDC-D4AF-4325-9C76-A1B378BBA761}.Release|Any CPU.ActiveCfg = Release|Any CPU
		{B0FE8EDC-D4AF-4325-9C76-A1B378BBA761}.Release|Any CPU.Build.0 = Release|Any CPU
		{E6A37C11-E09F-4ADB-BEE5-34B0F944C2E0}.Debug|Any CPU.ActiveCfg = Debug|Any CPU
		{E6A37C11-E09F-4ADB-BEE5-34B0F944C2E0}.Debug|Any CPU.Build.0 = Debug|Any CPU
		{E6A37C11-E09F-4ADB-BEE5-34B0F944C2E0}.Release|Any CPU.ActiveCfg = Release|Any CPU
		{E6A37C11-E09F-4ADB-BEE5-34B0F944C2E0}.Release|Any CPU.Build.0 = Release|Any CPU
		{5B0072BD-C380-40C1-AB17-50E82A098EEE}.Debug|Any CPU.ActiveCfg = Debug|Any CPU
		{5B0072BD-C380-40C1-AB17-50E82A098EEE}.Debug|Any CPU.Build.0 = Debug|Any CPU
		{5B0072BD-C380-40C1-AB17-50E82A098EEE}.Release|Any CPU.ActiveCfg = Release|Any CPU
		{5B0072BD-C380-40C1-AB17-50E82A098EEE}.Release|Any CPU.Build.0 = Release|Any CPU
		{D99689F1-550D-4682-94AB-B7F904BB3A85}.Debug|Any CPU.ActiveCfg = Debug|Any CPU
		{D99689F1-550D-4682-94AB-B7F904BB3A85}.Debug|Any CPU.Build.0 = Debug|Any CPU
		{D99689F1-550D-4682-94AB-B7F904BB3A85}.Release|Any CPU.ActiveCfg = Release|Any CPU
		{D99689F1-550D-4682-94AB-B7F904BB3A85}.Release|Any CPU.Build.0 = Release|Any CPU
		{BF5F40DF-32D9-46D3-8990-2DC2E08B1E2B}.Debug|Any CPU.ActiveCfg = Debug|Any CPU
		{BF5F40DF-32D9-46D3-8990-2DC2E08B1E2B}.Debug|Any CPU.Build.0 = Debug|Any CPU
		{BF5F40DF-32D9-46D3-8990-2DC2E08B1E2B}.Release|Any CPU.ActiveCfg = Release|Any CPU
		{BF5F40DF-32D9-46D3-8990-2DC2E08B1E2B}.Release|Any CPU.Build.0 = Release|Any CPU
		{F82D41A1-C6C5-4CF3-A496-F7465B8E7A56}.Debug|Any CPU.ActiveCfg = Debug|Any CPU
		{F82D41A1-C6C5-4CF3-A496-F7465B8E7A56}.Debug|Any CPU.Build.0 = Debug|Any CPU
		{F82D41A1-C6C5-4CF3-A496-F7465B8E7A56}.Release|Any CPU.ActiveCfg = Release|Any CPU
		{F82D41A1-C6C5-4CF3-A496-F7465B8E7A56}.Release|Any CPU.Build.0 = Release|Any CPU
		{8A09AB12-BED2-43FC-ADA3-B0FA9031D458}.Debug|Any CPU.ActiveCfg = Debug|Any CPU
		{8A09AB12-BED2-43FC-ADA3-B0FA9031D458}.Debug|Any CPU.Build.0 = Debug|Any CPU
		{8A09AB12-BED2-43FC-ADA3-B0FA9031D458}.Release|Any CPU.ActiveCfg = Release|Any CPU
		{8A09AB12-BED2-43FC-ADA3-B0FA9031D458}.Release|Any CPU.Build.0 = Release|Any CPU
		{29D1E53B-7A6A-4C2C-88F6-48D7E2E9860D}.Debug|Any CPU.ActiveCfg = Debug|Any CPU
		{29D1E53B-7A6A-4C2C-88F6-48D7E2E9860D}.Debug|Any CPU.Build.0 = Debug|Any CPU
		{29D1E53B-7A6A-4C2C-88F6-48D7E2E9860D}.Release|Any CPU.ActiveCfg = Release|Any CPU
		{29D1E53B-7A6A-4C2C-88F6-48D7E2E9860D}.Release|Any CPU.Build.0 = Release|Any CPU
		{F9F679D4-A4C6-4D84-833D-181839C53927}.Debug|Any CPU.ActiveCfg = Debug|Any CPU
		{F9F679D4-A4C6-4D84-833D-181839C53927}.Debug|Any CPU.Build.0 = Debug|Any CPU
		{F9F679D4-A4C6-4D84-833D-181839C53927}.Release|Any CPU.ActiveCfg = Release|Any CPU
		{F9F679D4-A4C6-4D84-833D-181839C53927}.Release|Any CPU.Build.0 = Release|Any CPU
		{3E9D413F-AB1B-4622-8AE1-FAE0605754E5}.Debug|Any CPU.ActiveCfg = Debug|Any CPU
		{3E9D413F-AB1B-4622-8AE1-FAE0605754E5}.Debug|Any CPU.Build.0 = Debug|Any CPU
		{3E9D413F-AB1B-4622-8AE1-FAE0605754E5}.Release|Any CPU.ActiveCfg = Release|Any CPU
		{3E9D413F-AB1B-4622-8AE1-FAE0605754E5}.Release|Any CPU.Build.0 = Release|Any CPU
	EndGlobalSection
	GlobalSection(SolutionProperties) = preSolution
		HideSolutionNode = FALSE
	EndGlobalSection
	GlobalSection(ExtensibilityGlobals) = postSolution
		SolutionGuid = {FF4EF7E5-692E-49A6-94AF-5B5B11FEF356}
	EndGlobalSection
EndGlobal
