
Microsoft Visual Studio Solution File, Format Version 12.00
# Visual Studio Version 16
VisualStudioVersion = 16.0.30413.136
MinimumVisualStudioVersion = 10.0.40219.1
Project("{9A19103F-16F7-4668-BE54-9A1E7A4F7556}") = "SourceExpander.Core", "Source\SourceExpander.Core\SourceExpander.Core.csproj", "{B0FE8EDC-D4AF-4325-9C76-A1B378BBA761}"
EndProject
Project("{9A19103F-16F7-4668-BE54-9A1E7A4F7556}") = "SourceExpander", "Source\SourceExpander\SourceExpander.csproj", "{E6A37C11-E09F-4ADB-BEE5-34B0F944C2E0}"
EndProject
Project("{9A19103F-16F7-4668-BE54-9A1E7A4F7556}") = "SourceExpander.Test", "Test\SourceExpander.Test\SourceExpander.Test.csproj", "{ACC304CF-8094-41AC-97D0-C67103132C8C}"
EndProject
Project("{2150E333-8FDC-42A3-9474-1A3956D46DE8}") = "Solution Items", "Solution Items", "{AFAE54D6-A794-42BF-96B7-4BFEBF33B62F}"
	ProjectSection(SolutionItems) = preProject
		.editorconfig = .editorconfig
		CHANGELOG.md = CHANGELOG.md
		Directory.Build.props = Directory.Build.props
		README.md = README.md
	EndProjectSection
EndProject
Project("{9A19103F-16F7-4668-BE54-9A1E7A4F7556}") = "SourceExpander.Embedder", "Source\SourceExpander.Embedder\SourceExpander.Embedder.csproj", "{D75E7B4A-0C65-4038-A365-A438260F9982}"
EndProject
Project("{9A19103F-16F7-4668-BE54-9A1E7A4F7556}") = "SourceExpander.Embedder.Test", "Test\SourceExpander.Embedder.Test\SourceExpander.Embedder.Test.csproj", "{524F5B6A-7ECB-4822-9761-0F79638B936D}"
EndProject
Project("{9A19103F-16F7-4668-BE54-9A1E7A4F7556}") = "SourceExpander.Generator", "Source\SourceExpander.Generator\SourceExpander.Generator.csproj", "{131AD198-BA14-4459-A820-1C50E8013995}"
EndProject
Project("{9A19103F-16F7-4668-BE54-9A1E7A4F7556}") = "SourceExpander.Generator.Test", "Test\SourceExpander.Generator.Test\SourceExpander.Generator.Test.csproj", "{4BDD1D33-DB4B-4B06-A42D-58212D5F9A81}"
EndProject
Project("{2150E333-8FDC-42A3-9474-1A3956D46DE8}") = "Test", "Test", "{4D491FE6-63FF-4D17-A6ED-F6ACB0B23214}"
EndProject
Project("{9A19103F-16F7-4668-BE54-9A1E7A4F7556}") = "SourceExpander.Share.Test", "Test\SourceExpander.Share.Test\SourceExpander.Share.Test.csproj", "{3635087E-E105-4779-95A7-783EF4296F7C}"
EndProject
Project("{9A19103F-16F7-4668-BE54-9A1E7A4F7556}") = "DummySourceExpanderEmbedder", "Source\DummySourceExpanderEmbedder\DummySourceExpanderEmbedder.csproj", "{638DE41B-9F52-4265-AE3B-3E357C16FA8C}"
EndProject
Project("{9A19103F-16F7-4668-BE54-9A1E7A4F7556}") = "SourceExpander.Embedder.Testing", "Source\SourceExpander.Embedder.Testing\SourceExpander.Embedder.Testing.csproj", "{855C17DB-C877-4C85-AF22-C50AF449323D}"
EndProject
Project("{9A19103F-16F7-4668-BE54-9A1E7A4F7556}") = "SourceExpander.Embedder.Testing.Test", "Test\SourceExpander.Embedder.Testing.Test\SourceExpander.Embedder.Testing.Test.csproj", "{F14F4098-2ABC-408F-A6BC-309F3AF91DFB}"
EndProject
Project("{9A19103F-16F7-4668-BE54-9A1E7A4F7556}") = "EmbedderBenchmark", "Source\Sandbox\EmbedderBenchmark\EmbedderBenchmark.csproj", "{3C557173-64D7-48CC-9942-8ED7931DC08F}"
EndProject
Project("{2150E333-8FDC-42A3-9474-1A3956D46DE8}") = "Sandbox", "Sandbox", "{6B72F2B4-0B21-47D6-A747-B7C6CB4C4195}"
EndProject
Project("{9A19103F-16F7-4668-BE54-9A1E7A4F7556}") = "ExpandBenchmark", "Source\Sandbox\ExpandBenchmark\ExpandBenchmark.csproj", "{30E3E2D4-7572-473E-BB77-386A790DA9BD}"
EndProject
Project("{FAE04EC0-301F-11D3-BF4B-00C04F79EFBC}") = "SampleLibrary", "Source\Sandbox\SampleLibrary\SampleLibrary.csproj", "{B2F7D7DF-6D25-49C5-B612-7F474FD3CCC7}"
EndProject
Project("{FAE04EC0-301F-11D3-BF4B-00C04F79EFBC}") = "SampleApp", "Source\Sandbox\SampleApp\SampleApp.csproj", "{B60A8E45-B63D-41D3-9B49-5B946E14A79B}"
EndProject
Global
	GlobalSection(SolutionConfigurationPlatforms) = preSolution
		Debug|Any CPU = Debug|Any CPU
		Release|Any CPU = Release|Any CPU
	EndGlobalSection
	GlobalSection(ProjectConfigurationPlatforms) = postSolution
		{B0FE8EDC-D4AF-4325-9C76-A1B378BBA761}.Debug|Any CPU.ActiveCfg = Debug|Any CPU
		{B0FE8EDC-D4AF-4325-9C76-A1B378BBA761}.Debug|Any CPU.Build.0 = Debug|Any CPU
		{B0FE8EDC-D4AF-4325-9C76-A1B378BBA761}.Release|Any CPU.ActiveCfg = Release|Any CPU
		{B0FE8EDC-D4AF-4325-9C76-A1B378BBA761}.Release|Any CPU.Build.0 = Release|Any CPU
		{E6A37C11-E09F-4ADB-BEE5-34B0F944C2E0}.Debug|Any CPU.ActiveCfg = Debug|Any CPU
		{E6A37C11-E09F-4ADB-BEE5-34B0F944C2E0}.Debug|Any CPU.Build.0 = Debug|Any CPU
		{E6A37C11-E09F-4ADB-BEE5-34B0F944C2E0}.Release|Any CPU.ActiveCfg = Release|Any CPU
		{E6A37C11-E09F-4ADB-BEE5-34B0F944C2E0}.Release|Any CPU.Build.0 = Release|Any CPU
		{ACC304CF-8094-41AC-97D0-C67103132C8C}.Debug|Any CPU.ActiveCfg = Debug|Any CPU
		{ACC304CF-8094-41AC-97D0-C67103132C8C}.Debug|Any CPU.Build.0 = Debug|Any CPU
		{ACC304CF-8094-41AC-97D0-C67103132C8C}.Release|Any CPU.ActiveCfg = Release|Any CPU
		{ACC304CF-8094-41AC-97D0-C67103132C8C}.Release|Any CPU.Build.0 = Release|Any CPU
		{D75E7B4A-0C65-4038-A365-A438260F9982}.Debug|Any CPU.ActiveCfg = Debug|Any CPU
		{D75E7B4A-0C65-4038-A365-A438260F9982}.Debug|Any CPU.Build.0 = Debug|Any CPU
		{D75E7B4A-0C65-4038-A365-A438260F9982}.Release|Any CPU.ActiveCfg = Release|Any CPU
		{D75E7B4A-0C65-4038-A365-A438260F9982}.Release|Any CPU.Build.0 = Release|Any CPU
		{524F5B6A-7ECB-4822-9761-0F79638B936D}.Debug|Any CPU.ActiveCfg = Debug|Any CPU
		{524F5B6A-7ECB-4822-9761-0F79638B936D}.Debug|Any CPU.Build.0 = Debug|Any CPU
		{524F5B6A-7ECB-4822-9761-0F79638B936D}.Release|Any CPU.ActiveCfg = Release|Any CPU
		{524F5B6A-7ECB-4822-9761-0F79638B936D}.Release|Any CPU.Build.0 = Release|Any CPU
		{131AD198-BA14-4459-A820-1C50E8013995}.Debug|Any CPU.ActiveCfg = Debug|Any CPU
		{131AD198-BA14-4459-A820-1C50E8013995}.Debug|Any CPU.Build.0 = Debug|Any CPU
		{131AD198-BA14-4459-A820-1C50E8013995}.Release|Any CPU.ActiveCfg = Release|Any CPU
		{131AD198-BA14-4459-A820-1C50E8013995}.Release|Any CPU.Build.0 = Release|Any CPU
		{4BDD1D33-DB4B-4B06-A42D-58212D5F9A81}.Debug|Any CPU.ActiveCfg = Debug|Any CPU
		{4BDD1D33-DB4B-4B06-A42D-58212D5F9A81}.Debug|Any CPU.Build.0 = Debug|Any CPU
		{4BDD1D33-DB4B-4B06-A42D-58212D5F9A81}.Release|Any CPU.ActiveCfg = Release|Any CPU
		{4BDD1D33-DB4B-4B06-A42D-58212D5F9A81}.Release|Any CPU.Build.0 = Release|Any CPU
		{3635087E-E105-4779-95A7-783EF4296F7C}.Debug|Any CPU.ActiveCfg = Debug|Any CPU
		{3635087E-E105-4779-95A7-783EF4296F7C}.Debug|Any CPU.Build.0 = Debug|Any CPU
		{3635087E-E105-4779-95A7-783EF4296F7C}.Release|Any CPU.ActiveCfg = Release|Any CPU
		{3635087E-E105-4779-95A7-783EF4296F7C}.Release|Any CPU.Build.0 = Release|Any CPU
		{638DE41B-9F52-4265-AE3B-3E357C16FA8C}.Debug|Any CPU.ActiveCfg = Debug|Any CPU
		{638DE41B-9F52-4265-AE3B-3E357C16FA8C}.Debug|Any CPU.Build.0 = Debug|Any CPU
		{638DE41B-9F52-4265-AE3B-3E357C16FA8C}.Release|Any CPU.ActiveCfg = Release|Any CPU
		{638DE41B-9F52-4265-AE3B-3E357C16FA8C}.Release|Any CPU.Build.0 = Release|Any CPU
		{855C17DB-C877-4C85-AF22-C50AF449323D}.Debug|Any CPU.ActiveCfg = Debug|Any CPU
		{855C17DB-C877-4C85-AF22-C50AF449323D}.Debug|Any CPU.Build.0 = Debug|Any CPU
		{855C17DB-C877-4C85-AF22-C50AF449323D}.Release|Any CPU.ActiveCfg = Release|Any CPU
		{855C17DB-C877-4C85-AF22-C50AF449323D}.Release|Any CPU.Build.0 = Release|Any CPU
		{F14F4098-2ABC-408F-A6BC-309F3AF91DFB}.Debug|Any CPU.ActiveCfg = Debug|Any CPU
		{F14F4098-2ABC-408F-A6BC-309F3AF91DFB}.Debug|Any CPU.Build.0 = Debug|Any CPU
		{F14F4098-2ABC-408F-A6BC-309F3AF91DFB}.Release|Any CPU.ActiveCfg = Release|Any CPU
		{F14F4098-2ABC-408F-A6BC-309F3AF91DFB}.Release|Any CPU.Build.0 = Release|Any CPU
		{3C557173-64D7-48CC-9942-8ED7931DC08F}.Debug|Any CPU.ActiveCfg = Debug|Any CPU
		{3C557173-64D7-48CC-9942-8ED7931DC08F}.Debug|Any CPU.Build.0 = Debug|Any CPU
		{3C557173-64D7-48CC-9942-8ED7931DC08F}.Release|Any CPU.ActiveCfg = Release|Any CPU
		{3C557173-64D7-48CC-9942-8ED7931DC08F}.Release|Any CPU.Build.0 = Release|Any CPU
		{30E3E2D4-7572-473E-BB77-386A790DA9BD}.Debug|Any CPU.ActiveCfg = Debug|Any CPU
		{30E3E2D4-7572-473E-BB77-386A790DA9BD}.Debug|Any CPU.Build.0 = Debug|Any CPU
		{30E3E2D4-7572-473E-BB77-386A790DA9BD}.Release|Any CPU.ActiveCfg = Release|Any CPU
		{30E3E2D4-7572-473E-BB77-386A790DA9BD}.Release|Any CPU.Build.0 = Release|Any CPU
		{B2F7D7DF-6D25-49C5-B612-7F474FD3CCC7}.Debug|Any CPU.ActiveCfg = Debug|Any CPU
		{B2F7D7DF-6D25-49C5-B612-7F474FD3CCC7}.Debug|Any CPU.Build.0 = Debug|Any CPU
		{B2F7D7DF-6D25-49C5-B612-7F474FD3CCC7}.Release|Any CPU.ActiveCfg = Release|Any CPU
		{B2F7D7DF-6D25-49C5-B612-7F474FD3CCC7}.Release|Any CPU.Build.0 = Release|Any CPU
		{B60A8E45-B63D-41D3-9B49-5B946E14A79B}.Debug|Any CPU.ActiveCfg = Debug|Any CPU
		{B60A8E45-B63D-41D3-9B49-5B946E14A79B}.Debug|Any CPU.Build.0 = Debug|Any CPU
		{B60A8E45-B63D-41D3-9B49-5B946E14A79B}.Release|Any CPU.ActiveCfg = Release|Any CPU
		{B60A8E45-B63D-41D3-9B49-5B946E14A79B}.Release|Any CPU.Build.0 = Release|Any CPU
	EndGlobalSection
	GlobalSection(SolutionProperties) = preSolution
		HideSolutionNode = FALSE
	EndGlobalSection
	GlobalSection(NestedProjects) = preSolution
		{ACC304CF-8094-41AC-97D0-C67103132C8C} = {4D491FE6-63FF-4D17-A6ED-F6ACB0B23214}
		{524F5B6A-7ECB-4822-9761-0F79638B936D} = {4D491FE6-63FF-4D17-A6ED-F6ACB0B23214}
		{4BDD1D33-DB4B-4B06-A42D-58212D5F9A81} = {4D491FE6-63FF-4D17-A6ED-F6ACB0B23214}
		{3635087E-E105-4779-95A7-783EF4296F7C} = {4D491FE6-63FF-4D17-A6ED-F6ACB0B23214}
		{F14F4098-2ABC-408F-A6BC-309F3AF91DFB} = {4D491FE6-63FF-4D17-A6ED-F6ACB0B23214}
		{3C557173-64D7-48CC-9942-8ED7931DC08F} = {6B72F2B4-0B21-47D6-A747-B7C6CB4C4195}
		{30E3E2D4-7572-473E-BB77-386A790DA9BD} = {6B72F2B4-0B21-47D6-A747-B7C6CB4C4195}
		{B2F7D7DF-6D25-49C5-B612-7F474FD3CCC7} = {6B72F2B4-0B21-47D6-A747-B7C6CB4C4195}
		{B60A8E45-B63D-41D3-9B49-5B946E14A79B} = {6B72F2B4-0B21-47D6-A747-B7C6CB4C4195}
	EndGlobalSection
	GlobalSection(ExtensibilityGlobals) = postSolution
		SolutionGuid = {FF4EF7E5-692E-49A6-94AF-5B5B11FEF356}
	EndGlobalSection
EndGlobal
