
Microsoft Visual Studio Solution File, Format Version 12.00
# Visual Studio Version 16
VisualStudioVersion = 16.0.30413.136
MinimumVisualStudioVersion = 10.0.40219.1
Project("{9A19103F-16F7-4668-BE54-9A1E7A4F7556}") = "SourceExpander.Core", "Source\SourceExpander.Core\SourceExpander.Core.csproj", "{B0FE8EDC-D4AF-4325-9C76-A1B378BBA761}"
EndProject
Project("{9A19103F-16F7-4668-BE54-9A1E7A4F7556}") = "SourceExpander", "Source\SourceExpander\SourceExpander.csproj", "{E6A37C11-E09F-4ADB-BEE5-34B0F944C2E0}"
EndProject
Project("{9A19103F-16F7-4668-BE54-9A1E7A4F7556}") = "SourceExpander.Test", "Test\SourceExpander.Test\SourceExpander.Test.csproj", "{ACC304CF-8094-41AC-97D0-C67103132C8C}"
EndProject
Project("{2150E333-8FDC-42A3-9474-1A3956D46DE8}") = "Solution Items", "Solution Items", "{AFAE54D6-A794-42BF-96B7-4BFEBF33B62F}"
	ProjectSection(SolutionItems) = preProject
		.editorconfig = .editorconfig
		Directory.Build.props = Directory.Build.props
	EndProjectSection
EndProject
Project("{9A19103F-16F7-4668-BE54-9A1E7A4F7556}") = "SourceExpander.Embedder", "Source\SourceExpander.Embedder\SourceExpander.Embedder.csproj", "{D75E7B4A-0C65-4038-A365-A438260F9982}"
EndProject
Project("{9A19103F-16F7-4668-BE54-9A1E7A4F7556}") = "SourceExpander.Embedder.Test", "Test\SourceExpander.Embedder.Test\SourceExpander.Embedder.Test.csproj", "{524F5B6A-7ECB-4822-9761-0F79638B936D}"
EndProject
Project("{9A19103F-16F7-4668-BE54-9A1E7A4F7556}") = "SourceExpander.Generator", "Source\SourceExpander.Generator\SourceExpander.Generator.csproj", "{131AD198-BA14-4459-A820-1C50E8013995}"
EndProject
Project("{9A19103F-16F7-4668-BE54-9A1E7A4F7556}") = "SourceExpander.Generator.Test", "Test\SourceExpander.Generator.Test\SourceExpander.Generator.Test.csproj", "{4BDD1D33-DB4B-4B06-A42D-58212D5F9A81}"
EndProject
Project("{2150E333-8FDC-42A3-9474-1A3956D46DE8}") = "Test", "Test", "{4D491FE6-63FF-4D17-A6ED-F6ACB0B23214}"
EndProject
Project("{9A19103F-16F7-4668-BE54-9A1E7A4F7556}") = "DummySourceExpanderEmbedder", "Source\DummySourceExpanderEmbedder\DummySourceExpanderEmbedder.csproj", "{C379919A-0342-4945-8835-A1CE5C72E236}"
EndProject
Global
	GlobalSection(SolutionConfigurationPlatforms) = preSolution
		Debug|Any CPU = Debug|Any CPU
		Release|Any CPU = Release|Any CPU
	EndGlobalSection
	GlobalSection(ProjectConfigurationPlatforms) = postSolution
		{B0FE8EDC-D4AF-4325-9C76-A1B378BBA761}.Debug|Any CPU.ActiveCfg = Debug|Any CPU
		{B0FE8EDC-D4AF-4325-9C76-A1B378BBA761}.Debug|Any CPU.Build.0 = Debug|Any CPU
		{B0FE8EDC-D4AF-4325-9C76-A1B378BBA761}.Release|Any CPU.ActiveCfg = Release|Any CPU
		{B0FE8EDC-D4AF-4325-9C76-A1B378BBA761}.Release|Any CPU.Build.0 = Release|Any CPU
		{E6A37C11-E09F-4ADB-BEE5-34B0F944C2E0}.Debug|Any CPU.ActiveCfg = Debug|Any CPU
		{E6A37C11-E09F-4ADB-BEE5-34B0F944C2E0}.Debug|Any CPU.Build.0 = Debug|Any CPU
		{E6A37C11-E09F-4ADB-BEE5-34B0F944C2E0}.Release|Any CPU.ActiveCfg = Release|Any CPU
		{E6A37C11-E09F-4ADB-BEE5-34B0F944C2E0}.Release|Any CPU.Build.0 = Release|Any CPU
		{ACC304CF-8094-41AC-97D0-C67103132C8C}.Debug|Any CPU.ActiveCfg = Debug|Any CPU
		{ACC304CF-8094-41AC-97D0-C67103132C8C}.Debug|Any CPU.Build.0 = Debug|Any CPU
		{ACC304CF-8094-41AC-97D0-C67103132C8C}.Release|Any CPU.ActiveCfg = Release|Any CPU
		{ACC304CF-8094-41AC-97D0-C67103132C8C}.Release|Any CPU.Build.0 = Release|Any CPU
		{D75E7B4A-0C65-4038-A365-A438260F9982}.Debug|Any CPU.ActiveCfg = Debug|Any CPU
		{D75E7B4A-0C65-4038-A365-A438260F9982}.Debug|Any CPU.Build.0 = Debug|Any CPU
		{D75E7B4A-0C65-4038-A365-A438260F9982}.Release|Any CPU.ActiveCfg = Release|Any CPU
		{D75E7B4A-0C65-4038-A365-A438260F9982}.Release|Any CPU.Build.0 = Release|Any CPU
		{524F5B6A-7ECB-4822-9761-0F79638B936D}.Debug|Any CPU.ActiveCfg = Debug|Any CPU
		{524F5B6A-7ECB-4822-9761-0F79638B936D}.Debug|Any CPU.Build.0 = Debug|Any CPU
		{524F5B6A-7ECB-4822-9761-0F79638B936D}.Release|Any CPU.ActiveCfg = Release|Any CPU
		{524F5B6A-7ECB-4822-9761-0F79638B936D}.Release|Any CPU.Build.0 = Release|Any CPU
		{131AD198-BA14-4459-A820-1C50E8013995}.Debug|Any CPU.ActiveCfg = Debug|Any CPU
		{131AD198-BA14-4459-A820-1C50E8013995}.Debug|Any CPU.Build.0 = Debug|Any CPU
		{131AD198-BA14-4459-A820-1C50E8013995}.Release|Any CPU.ActiveCfg = Release|Any CPU
		{131AD198-BA14-4459-A820-1C50E8013995}.Release|Any CPU.Build.0 = Release|Any CPU
		{4BDD1D33-DB4B-4B06-A42D-58212D5F9A81}.Debug|Any CPU.ActiveCfg = Debug|Any CPU
		{4BDD1D33-DB4B-4B06-A42D-58212D5F9A81}.Debug|Any CPU.Build.0 = Debug|Any CPU
		{4BDD1D33-DB4B-4B06-A42D-58212D5F9A81}.Release|Any CPU.ActiveCfg = Release|Any CPU
		{4BDD1D33-DB4B-4B06-A42D-58212D5F9A81}.Release|Any CPU.Build.0 = Release|Any CPU
		{C379919A-0342-4945-8835-A1CE5C72E236}.Debug|Any CPU.ActiveCfg = Debug|Any CPU
		{C379919A-0342-4945-8835-A1CE5C72E236}.Debug|Any CPU.Build.0 = Debug|Any CPU
		{C379919A-0342-4945-8835-A1CE5C72E236}.Release|Any CPU.ActiveCfg = Release|Any CPU
		{C379919A-0342-4945-8835-A1CE5C72E236}.Release|Any CPU.Build.0 = Release|Any CPU
	EndGlobalSection
	GlobalSection(SolutionProperties) = preSolution
		HideSolutionNode = FALSE
	EndGlobalSection
	GlobalSection(NestedProjects) = preSolution
		{ACC304CF-8094-41AC-97D0-C67103132C8C} = {4D491FE6-63FF-4D17-A6ED-F6ACB0B23214}
		{524F5B6A-7ECB-4822-9761-0F79638B936D} = {4D491FE6-63FF-4D17-A6ED-F6ACB0B23214}
		{4BDD1D33-DB4B-4B06-A42D-58212D5F9A81} = {4D491FE6-63FF-4D17-A6ED-F6ACB0B23214}
	EndGlobalSection
	GlobalSection(ExtensibilityGlobals) = postSolution
		SolutionGuid = {FF4EF7E5-692E-49A6-94AF-5B5B11FEF356}
	EndGlobalSection
EndGlobal
